
Microsoft Visual Studio Solution File, Format Version 12.00
# Visual Studio Version 17
VisualStudioVersion = 17.14.36221.1 d17.14
MinimumVisualStudioVersion = 10.0.40219.1
Project("{FAE04EC0-301F-11D3-BF4B-00C04F79EFBC}") = "Camajalan_InheritanceWithUserInput", "Camajalan_InheritanceWithUserInput\Camajalan_InheritanceWithUserInput.csproj", "{39F9D2CE-D8E1-43EF-B5F0-2FC20BD19D55}"
EndProject
Global
	GlobalSection(SolutionConfigurationPlatforms) = preSolution
		Debug|Any CPU = Debug|Any CPU
		Release|Any CPU = Release|Any CPU
	EndGlobalSection
	GlobalSection(ProjectConfigurationPlatforms) = postSolution
		{39F9D2CE-D8E1-43EF-B5F0-2FC20BD19D55}.Debug|Any CPU.ActiveCfg = Debug|Any CPU
		{39F9D2CE-D8E1-43EF-B5F0-2FC20BD19D55}.Debug|Any CPU.Build.0 = Debug|Any CPU
		{39F9D2CE-D8E1-43EF-B5F0-2FC20BD19D55}.Release|Any CPU.ActiveCfg = Release|Any CPU
		{39F9D2CE-D8E1-43EF-B5F0-2FC20BD19D55}.Release|Any CPU.Build.0 = Release|Any CPU
	EndGlobalSection
	GlobalSection(SolutionProperties) = preSolution
		HideSolutionNode = FALSE
	EndGlobalSection
	GlobalSection(ExtensibilityGlobals) = postSolution
		SolutionGuid = {37731E94-693D-4A96-AE00-0D77FFDED1B5}
	EndGlobalSection
EndGlobal
